
Microsoft Visual Studio Solution File, Format Version 12.00
# Visual Studio Version 16
VisualStudioVersion = 16.0.32002.261
MinimumVisualStudioVersion = 10.0.40219.1
Project("{FAE04EC0-301F-11D3-BF4B-00C04F79EFBC}") = "WebApplication1", "WebApplication1\WebApplication1.csproj", "{C59031AA-9356-4CB5-A8F1-EF981549AA1E}"
EndProject
Global
	GlobalSection(SolutionConfigurationPlatforms) = preSolution
		Debug|Any CPU = Debug|Any CPU
		Release|Any CPU = Release|Any CPU
	EndGlobalSection
	GlobalSection(ProjectConfigurationPlatforms) = postSolution
		{C59031AA-9356-4CB5-A8F1-EF981549AA1E}.Debug|Any CPU.ActiveCfg = Debug|Any CPU
		{C59031AA-9356-4CB5-A8F1-EF981549AA1E}.Debug|Any CPU.Build.0 = Debug|Any CPU
		{C59031AA-9356-4CB5-A8F1-EF981549AA1E}.Release|Any CPU.ActiveCfg = Release|Any CPU
		{C59031AA-9356-4CB5-A8F1-EF981549AA1E}.Release|Any CPU.Build.0 = Release|Any CPU
	EndGlobalSection
	GlobalSection(SolutionProperties) = preSolution
		HideSolutionNode = FALSE
	EndGlobalSection
	GlobalSection(ExtensibilityGlobals) = postSolution
		SolutionGuid = {64970CA0-73CE-4626-BEC0-AE8503C33DE0}
	EndGlobalSection
EndGlobal
